
Microsoft Visual Studio Solution File, Format Version 12.00
# Visual Studio Version 16
VisualStudioVersion = 16.0.28922.388
MinimumVisualStudioVersion = 10.0.40219.1
Project("{FAE04EC0-301F-11D3-BF4B-00C04F79EFBC}") = "webservice", "webservice\webservice.csproj", "{62123646-3104-4D7C-B328-50A494A8CC89}"
EndProject
Project("{FAE04EC0-301F-11D3-BF4B-00C04F79EFBC}") = "consumir_ws", "consumir_ws\consumir_ws.csproj", "{A18F1F87-A3A6-44DB-BF33-49B3C9558E66}"
	ProjectSection(ProjectDependencies) = postProject
		{62123646-3104-4D7C-B328-50A494A8CC89} = {62123646-3104-4D7C-B328-50A494A8CC89}
	EndProjectSection
EndProject
Global
	GlobalSection(SolutionConfigurationPlatforms) = preSolution
		Debug|Any CPU = Debug|Any CPU
		Release|Any CPU = Release|Any CPU
	EndGlobalSection
	GlobalSection(ProjectConfigurationPlatforms) = postSolution
		{62123646-3104-4D7C-B328-50A494A8CC89}.Debug|Any CPU.ActiveCfg = Debug|Any CPU
		{62123646-3104-4D7C-B328-50A494A8CC89}.Debug|Any CPU.Build.0 = Debug|Any CPU
		{62123646-3104-4D7C-B328-50A494A8CC89}.Release|Any CPU.ActiveCfg = Release|Any CPU
		{62123646-3104-4D7C-B328-50A494A8CC89}.Release|Any CPU.Build.0 = Release|Any CPU
		{A18F1F87-A3A6-44DB-BF33-49B3C9558E66}.Debug|Any CPU.ActiveCfg = Debug|Any CPU
		{A18F1F87-A3A6-44DB-BF33-49B3C9558E66}.Debug|Any CPU.Build.0 = Debug|Any CPU
		{A18F1F87-A3A6-44DB-BF33-49B3C9558E66}.Release|Any CPU.ActiveCfg = Release|Any CPU
		{A18F1F87-A3A6-44DB-BF33-49B3C9558E66}.Release|Any CPU.Build.0 = Release|Any CPU
	EndGlobalSection
	GlobalSection(SolutionProperties) = preSolution
		HideSolutionNode = FALSE
	EndGlobalSection
	GlobalSection(ExtensibilityGlobals) = postSolution
		SolutionGuid = {A930C3F8-0323-461F-9410-3D98301BF12A}
	EndGlobalSection
EndGlobal
